
Microsoft Visual Studio Solution File, Format Version 12.00
# Visual Studio Version 17
VisualStudioVersion = 17.2.32616.157
MinimumVisualStudioVersion = 10.0.40219.1
Project("{9A19103F-16F7-4668-BE54-9A1E7A4F7556}") = "Strict Time", "Strict Time\Strict Time.csproj", "{02518AE1-ED60-4949-B428-7BF317855285}"
EndProject
Project("{54435603-DBB4-11D2-8724-00A0C9A8B90C}") = "Strict Time!", "Strict Time!\Strict Time!.vdproj", "{461B3D13-F185-4833-A1CE-9184F7BA860D}"
EndProject
Global
	GlobalSection(SolutionConfigurationPlatforms) = preSolution
		Debug|Any CPU = Debug|Any CPU
		Debug|ARM = Debug|ARM
		Debug|ARM64 = Debug|ARM64
		Debug|x64 = Debug|x64
		Debug|x86 = Debug|x86
		Release|Any CPU = Release|Any CPU
		Release|ARM = Release|ARM
		Release|ARM64 = Release|ARM64
		Release|x64 = Release|x64
		Release|x86 = Release|x86
	EndGlobalSection
	GlobalSection(ProjectConfigurationPlatforms) = postSolution
		{02518AE1-ED60-4949-B428-7BF317855285}.Debug|Any CPU.ActiveCfg = Debug|Any CPU
		{02518AE1-ED60-4949-B428-7BF317855285}.Debug|Any CPU.Build.0 = Debug|Any CPU
		{02518AE1-ED60-4949-B428-7BF317855285}.Debug|ARM.ActiveCfg = Debug|Any CPU
		{02518AE1-ED60-4949-B428-7BF317855285}.Debug|ARM.Build.0 = Debug|Any CPU
		{02518AE1-ED60-4949-B428-7BF317855285}.Debug|ARM64.ActiveCfg = Debug|Any CPU
		{02518AE1-ED60-4949-B428-7BF317855285}.Debug|ARM64.Build.0 = Debug|Any CPU
		{02518AE1-ED60-4949-B428-7BF317855285}.Debug|x64.ActiveCfg = Debug|Any CPU
		{02518AE1-ED60-4949-B428-7BF317855285}.Debug|x64.Build.0 = Debug|Any CPU
		{02518AE1-ED60-4949-B428-7BF317855285}.Debug|x86.ActiveCfg = Debug|Any CPU
		{02518AE1-ED60-4949-B428-7BF317855285}.Debug|x86.Build.0 = Debug|Any CPU
		{02518AE1-ED60-4949-B428-7BF317855285}.Release|Any CPU.ActiveCfg = Release|Any CPU
		{02518AE1-ED60-4949-B428-7BF317855285}.Release|ARM.ActiveCfg = Release|Any CPU
		{02518AE1-ED60-4949-B428-7BF317855285}.Release|ARM.Build.0 = Release|Any CPU
		{02518AE1-ED60-4949-B428-7BF317855285}.Release|ARM64.ActiveCfg = Release|Any CPU
		{02518AE1-ED60-4949-B428-7BF317855285}.Release|ARM64.Build.0 = Release|Any CPU
		{02518AE1-ED60-4949-B428-7BF317855285}.Release|x64.ActiveCfg = Release|Any CPU
		{02518AE1-ED60-4949-B428-7BF317855285}.Release|x64.Build.0 = Release|Any CPU
		{02518AE1-ED60-4949-B428-7BF317855285}.Release|x86.ActiveCfg = Release|Any CPU
		{02518AE1-ED60-4949-B428-7BF317855285}.Release|x86.Build.0 = Release|Any CPU
		{461B3D13-F185-4833-A1CE-9184F7BA860D}.Debug|Any CPU.ActiveCfg = Debug
		{461B3D13-F185-4833-A1CE-9184F7BA860D}.Debug|ARM.ActiveCfg = Debug
		{461B3D13-F185-4833-A1CE-9184F7BA860D}.Debug|ARM64.ActiveCfg = Debug
		{461B3D13-F185-4833-A1CE-9184F7BA860D}.Debug|x64.ActiveCfg = Debug
		{461B3D13-F185-4833-A1CE-9184F7BA860D}.Debug|x86.ActiveCfg = Debug
		{461B3D13-F185-4833-A1CE-9184F7BA860D}.Release|Any CPU.ActiveCfg = Release
		{461B3D13-F185-4833-A1CE-9184F7BA860D}.Release|ARM.ActiveCfg = Release
		{461B3D13-F185-4833-A1CE-9184F7BA860D}.Release|ARM64.ActiveCfg = Release
		{461B3D13-F185-4833-A1CE-9184F7BA860D}.Release|x64.ActiveCfg = Release
		{461B3D13-F185-4833-A1CE-9184F7BA860D}.Release|x86.ActiveCfg = Release
	EndGlobalSection
	GlobalSection(SolutionProperties) = preSolution
		HideSolutionNode = FALSE
	EndGlobalSection
	GlobalSection(ExtensibilityGlobals) = postSolution
		SolutionGuid = {490D56B6-9D57-4240-983A-CC9A70965B56}
	EndGlobalSection
EndGlobal
